
Microsoft Visual Studio Solution File, Format Version 12.00
# Visual Studio Version 17
VisualStudioVersion = 17.0.31912.275
MinimumVisualStudioVersion = 10.0.40219.1
Project("{9A19103F-16F7-4668-BE54-9A1E7A4F7556}") = "Interview.Domain", "src\Interview.Domain\Interview.Domain.csproj", "{5BE75E11-20F0-4D31-BE9B-386812D95F56}"
EndProject
Project("{9A19103F-16F7-4668-BE54-9A1E7A4F7556}") = "Interview.Domain.Tests", "tests\Interview.Domain.Tests\Interview.Domain.Tests.csproj", "{6EFF17A6-8757-4C2F-BC80-C45075C47C34}"
EndProject
Project("{9A19103F-16F7-4668-BE54-9A1E7A4F7556}") = "Interview.Infrastructure", "src\Interview.Infrastructure\Interview.Infrastructure.csproj", "{4318B954-14D5-4916-A461-0203B5D0C553}"
EndProject
Project("{9A19103F-16F7-4668-BE54-9A1E7A4F7556}") = "Interview.Services", "src\Interview.Services\Interview.Services.csproj", "{C214EF8D-6465-4513-B64B-CF6BC32CEA1E}"
EndProject
Project("{2150E333-8FDC-42A3-9474-1A3956D46DE8}") = "src", "src", "{D18EE72E-B3C8-4D45-B3F6-1A4F42BD0346}"
EndProject
Project("{2150E333-8FDC-42A3-9474-1A3956D46DE8}") = "tests", "tests", "{4B3BADE8-C9F7-4E8E-A7D9-824C1086C7BC}"
EndProject
Project("{9A19103F-16F7-4668-BE54-9A1E7A4F7556}") = "Interview.Infrastructure.Tests", "tests\Interview.Infrastructure.Tests\Interview.Infrastructure.Tests.csproj", "{65F7FBC4-D3C2-42C5-A1E1-0A907A134511}"
EndProject
Project("{9A19103F-16F7-4668-BE54-9A1E7A4F7556}") = "Interview.Api", "src\Interview.Api\Interview.Api.csproj", "{81450644-1B1E-469C-813E-75388D078ACE}"
EndProject
Project("{E53339B2-1760-4266-BCC7-CA923CBCF16C}") = "docker-compose", "docker-compose.dcproj", "{69B02920-B063-4E42-A624-7FF9CF966184}"
EndProject
Global
	GlobalSection(SolutionConfigurationPlatforms) = preSolution
		Debug|Any CPU = Debug|Any CPU
		Release|Any CPU = Release|Any CPU
	EndGlobalSection
	GlobalSection(ProjectConfigurationPlatforms) = postSolution
		{5BE75E11-20F0-4D31-BE9B-386812D95F56}.Debug|Any CPU.ActiveCfg = Debug|Any CPU
		{5BE75E11-20F0-4D31-BE9B-386812D95F56}.Debug|Any CPU.Build.0 = Debug|Any CPU
		{5BE75E11-20F0-4D31-BE9B-386812D95F56}.Release|Any CPU.ActiveCfg = Release|Any CPU
		{5BE75E11-20F0-4D31-BE9B-386812D95F56}.Release|Any CPU.Build.0 = Release|Any CPU
		{6EFF17A6-8757-4C2F-BC80-C45075C47C34}.Debug|Any CPU.ActiveCfg = Debug|Any CPU
		{6EFF17A6-8757-4C2F-BC80-C45075C47C34}.Debug|Any CPU.Build.0 = Debug|Any CPU
		{6EFF17A6-8757-4C2F-BC80-C45075C47C34}.Release|Any CPU.ActiveCfg = Release|Any CPU
		{6EFF17A6-8757-4C2F-BC80-C45075C47C34}.Release|Any CPU.Build.0 = Release|Any CPU
		{4318B954-14D5-4916-A461-0203B5D0C553}.Debug|Any CPU.ActiveCfg = Debug|Any CPU
		{4318B954-14D5-4916-A461-0203B5D0C553}.Debug|Any CPU.Build.0 = Debug|Any CPU
		{4318B954-14D5-4916-A461-0203B5D0C553}.Release|Any CPU.ActiveCfg = Release|Any CPU
		{4318B954-14D5-4916-A461-0203B5D0C553}.Release|Any CPU.Build.0 = Release|Any CPU
		{65F7FBC4-D3C2-42C5-A1E1-0A907A134511}.Debug|Any CPU.ActiveCfg = Debug|Any CPU
		{65F7FBC4-D3C2-42C5-A1E1-0A907A134511}.Debug|Any CPU.Build.0 = Debug|Any CPU
		{65F7FBC4-D3C2-42C5-A1E1-0A907A134511}.Release|Any CPU.ActiveCfg = Release|Any CPU
		{65F7FBC4-D3C2-42C5-A1E1-0A907A134511}.Release|Any CPU.Build.0 = Release|Any CPU
		{81450644-1B1E-469C-813E-75388D078ACE}.Debug|Any CPU.ActiveCfg = Debug|Any CPU
		{81450644-1B1E-469C-813E-75388D078ACE}.Debug|Any CPU.Build.0 = Debug|Any CPU
		{81450644-1B1E-469C-813E-75388D078ACE}.Release|Any CPU.ActiveCfg = Release|Any CPU
		{81450644-1B1E-469C-813E-75388D078ACE}.Release|Any CPU.Build.0 = Release|Any CPU
		{69B02920-B063-4E42-A624-7FF9CF966184}.Debug|Any CPU.ActiveCfg = Debug|Any CPU
		{69B02920-B063-4E42-A624-7FF9CF966184}.Debug|Any CPU.Build.0 = Debug|Any CPU
		{69B02920-B063-4E42-A624-7FF9CF966184}.Release|Any CPU.ActiveCfg = Release|Any CPU
		{69B02920-B063-4E42-A624-7FF9CF966184}.Release|Any CPU.Build.0 = Release|Any CPU
		{C214EF8D-6465-4513-B64B-CF6BC32CEA1E}.Debug|Any CPU.ActiveCfg = Debug|Any CPU
		{C214EF8D-6465-4513-B64B-CF6BC32CEA1E}.Debug|Any CPU.Build.0 = Debug|Any CPU
		{C214EF8D-6465-4513-B64B-CF6BC32CEA1E}.Release|Any CPU.ActiveCfg = Release|Any CPU
		{C214EF8D-6465-4513-B64B-CF6BC32CEA1E}.Release|Any CPU.Build.0 = Release|Any CPU
	EndGlobalSection
	GlobalSection(SolutionProperties) = preSolution
		HideSolutionNode = FALSE
	EndGlobalSection
	GlobalSection(NestedProjects) = preSolution
		{5BE75E11-20F0-4D31-BE9B-386812D95F56} = {D18EE72E-B3C8-4D45-B3F6-1A4F42BD0346}
		{6EFF17A6-8757-4C2F-BC80-C45075C47C34} = {4B3BADE8-C9F7-4E8E-A7D9-824C1086C7BC}
		{4318B954-14D5-4916-A461-0203B5D0C553} = {D18EE72E-B3C8-4D45-B3F6-1A4F42BD0346}
		{65F7FBC4-D3C2-42C5-A1E1-0A907A134511} = {4B3BADE8-C9F7-4E8E-A7D9-824C1086C7BC}
		{81450644-1B1E-469C-813E-75388D078ACE} = {D18EE72E-B3C8-4D45-B3F6-1A4F42BD0346}
		{C214EF8D-6465-4513-B64B-CF6BC32CEA1E} = {D18EE72E-B3C8-4D45-B3F6-1A4F42BD0346}
	EndGlobalSection
	GlobalSection(ExtensibilityGlobals) = postSolution
		SolutionGuid = {AAF9672D-A938-4485-A425-AC780D5F9138}
	EndGlobalSection
EndGlobal
